
Microsoft Visual Studio Solution File, Format Version 12.00
# Visual Studio Version 17
VisualStudioVersion = 17.4.33205.214
MinimumVisualStudioVersion = 10.0.40219.1
Project("{9A19103F-16F7-4668-BE54-9A1E7A4F7556}") = "BlazorSignalR.Server", "BlazorSignalR\Server\BlazorSignalR.Server.csproj", "{96BEE96B-FF6A-4927-AF19-2CB6099481E8}"
EndProject
Project("{9A19103F-16F7-4668-BE54-9A1E7A4F7556}") = "BlazorSignalR.Client", "BlazorSignalR\Client\BlazorSignalR.Client.csproj", "{3D49BCB9-2C67-42E2-87B8-2BD94DA381C6}"
EndProject
Project("{9A19103F-16F7-4668-BE54-9A1E7A4F7556}") = "BlazorSignalR.Shared", "BlazorSignalR\Shared\BlazorSignalR.Shared.csproj", "{00B1D132-35C1-4975-80F6-86D13F2519AF}"
EndProject
Global
	GlobalSection(SolutionConfigurationPlatforms) = preSolution
		Debug|Any CPU = Debug|Any CPU
		Release|Any CPU = Release|Any CPU
	EndGlobalSection
	GlobalSection(ProjectConfigurationPlatforms) = postSolution
		{96BEE96B-FF6A-4927-AF19-2CB6099481E8}.Debug|Any CPU.ActiveCfg = Debug|Any CPU
		{96BEE96B-FF6A-4927-AF19-2CB6099481E8}.Debug|Any CPU.Build.0 = Debug|Any CPU
		{96BEE96B-FF6A-4927-AF19-2CB6099481E8}.Release|Any CPU.ActiveCfg = Release|Any CPU
		{96BEE96B-FF6A-4927-AF19-2CB6099481E8}.Release|Any CPU.Build.0 = Release|Any CPU
		{3D49BCB9-2C67-42E2-87B8-2BD94DA381C6}.Debug|Any CPU.ActiveCfg = Debug|Any CPU
		{3D49BCB9-2C67-42E2-87B8-2BD94DA381C6}.Debug|Any CPU.Build.0 = Debug|Any CPU
		{3D49BCB9-2C67-42E2-87B8-2BD94DA381C6}.Release|Any CPU.ActiveCfg = Release|Any CPU
		{3D49BCB9-2C67-42E2-87B8-2BD94DA381C6}.Release|Any CPU.Build.0 = Release|Any CPU
		{00B1D132-35C1-4975-80F6-86D13F2519AF}.Debug|Any CPU.ActiveCfg = Debug|Any CPU
		{00B1D132-35C1-4975-80F6-86D13F2519AF}.Debug|Any CPU.Build.0 = Debug|Any CPU
		{00B1D132-35C1-4975-80F6-86D13F2519AF}.Release|Any CPU.ActiveCfg = Release|Any CPU
		{00B1D132-35C1-4975-80F6-86D13F2519AF}.Release|Any CPU.Build.0 = Release|Any CPU
	EndGlobalSection
	GlobalSection(SolutionProperties) = preSolution
		HideSolutionNode = FALSE
	EndGlobalSection
	GlobalSection(ExtensibilityGlobals) = postSolution
		SolutionGuid = {44E79F3E-8C25-4270-832E-90D6A994FC43}
	EndGlobalSection
EndGlobal
